version = 1
revision = 3
requires-python = ">=3.14"
resolution-markers = [
    "sys_platform == 'win32'",
    "sys_platform == 'emscripten'",
    "sys_platform != 'emscripten' and sys_platform != 'win32'",
]

[[package]]
name = "coldchain-ops"
version = "0.1.0"
source = { virtual = "." }
dependencies = [
    { name = "faker" },
    { name = "numpy" },
    { name = "openpyxl" },
    { name = "pandas" },
    { name = "psycopg", extra = ["binary"] },
    { name = "python-dotenv" },
    { name = "sqlalchemy" },
]

[package.dev-dependencies]
dev = [
    { name = "pandas-stubs" },
    { name = "ruff" },
]

[package.metadata]
requires-dist = [
    { name = "faker", specifier = ">=40.23.0" },
    { name = "numpy", specifier = ">=2.5.0" },
    { name = "openpyxl", specifier = ">=3.1.5" },
    { name = "pandas", specifier = ">=3.0.4" },
    { name = "psycopg", extras = ["binary"], specifier = ">=3.3.4" },
    { name = "python-dotenv", specifier = ">=1.2.2" },
    { name = "sqlalchemy", specifier = ">=2.0.51" },
]

[package.metadata.requires-dev]
dev = [
    { name = "pandas-stubs", specifier = ">=3.0.3.260530" },
    { name = "ruff", specifier = ">=0.15.20" },
]

[[package]]
name = "et-xmlfile"
version = "2.0.0"
source = { registry = "https://pypi.org/simple" }
sdist = { url = "https://files.pythonhosted.org/packages/d3/38/af70d7ab1ae9d4da450eeec1fa3918940a5fafb9055e934af8d6eb0c2313/et_xmlfile-2.0.0.tar.gz", hash = "sha256:dab3f4764309081ce75662649be815c4c9081e88f0837825f90fd28317d4da54", size = 17234, upload-time = "2024-10-25T17:25:40.039Z" }
wheels = [
    { url = "https://files.pythonhosted.org/packages/c1/8b/5fe2cc11fee489817272089c4203e679c63b570a5aaeb18d852ae3cbba6a/et_xmlfile-2.0.0-py3-none-any.whl", hash = "sha256:7a91720bc756843502c3b7504c77b8fe44217c85c537d85037f0f536151b2caa", size = 18059, upload-time = "2024-10-25T17:25:39.051Z" },
]

[[package]]
name = "faker"
version = "40.23.0"
source = { registry = "https://pypi.org/simple" }
dependencies = [
    { name = "tzdata", marker = "sys_platform == 'win32'" },
]
sdist = { url = "https://files.pythonhosted.org/packages/f3/d6/fc071e5754815d9058e12ab549cc88e90f8f4ecf4dc33b6b750cdf4b622d/faker-40.23.0.tar.gz", hash = "sha256:f135e563f1f95f19346bb680bc2e43570bc43b7893e566023746f51f32c69dfc", size = 1972975, upload-time = "2026-06-10T20:53:21.611Z" }
wheels = [
    { url = "https://files.pythonhosted.org/packages/64/5f/824e6fb3e9d63408151dc9173994fa65bde620a67dde3a59354f5aecd497/faker-40.23.0-py3-none-any.whl", hash = "sha256:775922453e54afa42eaf60eac478fa3a969357f224d09a8022b93e3ad88f18ae", size = 2013046, upload-time = "2026-06-10T20:53:19.226Z" },
]

[[package]]
name = "greenlet"
version = "3.5.3"
source = { registry = "https://pypi.org/simple" }
sdist = { url = "https://files.pythonhosted.org/packages/e2/f1/fbbfef6af0bad0548f09bc28948ea3c275b4edb19e17fc5ca9900a6a634d/greenlet-3.5.3.tar.gz", hash = "sha256:a61efc018fd3eb317eeca31aba90ee9e7f26f22884a79b6c6ec715bf71bb62f1", size = 200270, upload-time = "2026-06-26T19:28:24.832Z" }
wheels = [
    { url = "https://files.pythonhosted.org/packages/c3/93/43e116ee114b28737ba7e12952a0d4e2f55944d0f84e42bc91ba7192a3c9/greenlet-3.5.3-cp314-cp314-macosx_11_0_universal2.whl", hash = "sha256:fd2e02fa07485778536a036222d616ab957b1d533f36b3ed98ce725d9c9d3117", size = 288202, upload-time = "2026-06-26T18:23:49.604Z" },
    { url = "https://files.pythonhosted.org/packages/82/2f/146d218299046a43d1f029fd544b3d110d0f175a09c715c7e8da4a4a345d/greenlet-3.5.3-cp314-cp314-manylinux_2_24_aarch64.manylinux_2_28_aarch64.whl", hash = "sha256:df0a0628d1597eb0897b62f55d1343f772405fd25f3b2a796c76874b0c2e22e8", size = 654096, upload-time = "2026-06-26T19:07:12.71Z" },
    { url = "https://files.pythonhosted.org/packages/a0/cc/04738cafb3f45fa991ea44f9de94c47dcec964f5a972300988a6751f49d9/greenlet-3.5.3-cp314-cp314-manylinux_2_24_ppc64le.manylinux_2_28_ppc64le.whl", hash = "sha256:ebd933a6adabc298bab47731a130fe6bfb888bd934eee37810f151159544540d", size = 666304, upload-time = "2026-06-26T19:10:09.503Z" },
    { url = "https://files.pythonhosted.org/packages/ce/aa/4e0dad5e605c270c784ab911c43da6adb136ccd4d81180f763ca429a723d/greenlet-3.5.3-cp314-cp314-manylinux_2_24_x86_64.manylinux_2_28_x86_64.whl", hash = "sha256:4b9d501b40e80b70e32323c799dd9b420a5577a9601469d362ae1ffb690f3a7c", size = 663635, upload-time = "2026-06-26T18:32:20.802Z" },
    { url = "https://files.pythonhosted.org/packages/d1/50/13efdbea246fe3d3b735e191fec08fb50809f53cd2383ebe123d0809e44b/greenlet-3.5.3-cp314-cp314-musllinux_1_2_aarch64.whl", hash = "sha256:a1fad1d11e7d6aab184107baa8e4ece11ccba3ec9599cd7efa5ff4d70d43256a", size = 1621252, upload-time = "2026-06-26T19:09:05.647Z" },
    { url = "https://files.pythonhosted.org/packages/f7/22/c0a336ae4a1410fd5f5121098e5bfbf1865f64c5ef80b4b5412886c4a332/greenlet-3.5.3-cp314-cp314-musllinux_1_2_x86_64.whl", hash = "sha256:fad5aec764399f1b5cc347ad250a59660f20c8f8888ea6bae1f93b769cce1154", size = 1684824, upload-time = "2026-06-26T18:31:47.738Z" },
    { url = "https://files.pythonhosted.org/packages/7a/94/91aec0030bea75c4b3244251d0de60a1f3432d1ecb53ab6c437fb5c3ba61/greenlet-3.5.3-cp314-cp314-win_amd64.whl", hash = "sha256:7669aa24cf2a1041d6f7899575b494a3ab4cf68bfcc8609b1dc0be7272db835e", size = 240754, upload-time = "2026-06-26T18:22:15.669Z" },
    { url = "https://files.pythonhosted.org/packages/e5/06/68d0983e79e02138f64b4d303c500c27ddb48e5e77f3debb80888a921eae/greenlet-3.5.3-cp314-cp314-win_arm64.whl", hash = "sha256:5b4807c4082c9d1b6d9eed56fcd041863e37f2228106eef24c30ca096e238605", size = 239549, upload-time = "2026-06-26T18:22:42.996Z" },
    { url = "https://files.pythonhosted.org/packages/91/95/3e161213d7f1d378d15aa9e792093e9bfe01844680d04b7fd6e0107c9098/greenlet-3.5.3-cp314-cp314t-macosx_11_0_universal2.whl", hash = "sha256:271a8ea7c1024e8a0d7dd2be66dd66dda8a07193f41a17b9e924f7600f5b62be", size = 296389, upload-time = "2026-06-26T18:22:20.657Z" },
    { url = "https://files.pythonhosted.org/packages/00/92/715c44721abe2b4d1ae9abde4179411868a5bff312479f54e105d372f131/greenlet-3.5.3-cp314-cp314t-manylinux_2_24_aarch64.manylinux_2_28_aarch64.whl", hash = "sha256:19131729ae0ddc3c2e1ef85e650169b5e37ee32e400f215f78b94d7b0d567310", size = 653382, upload-time = "2026-06-26T19:07:14.209Z" },
    { url = "https://files.pythonhosted.org/packages/a0/83/37a10372a1090a6624cca8e74c12df1a36c2dc36429ed0255b7fb1aeee23/greenlet-3.5.3-cp314-cp314t-manylinux_2_24_ppc64le.manylinux_2_28_ppc64le.whl", hash = "sha256:1540dd8e5fc2a5aec40fbb98ef8e149fa47c89a4b4a1cf2575a14d3d1869d7a8", size = 659401, upload-time = "2026-06-26T19:10:10.876Z" },
    { url = "https://files.pythonhosted.org/packages/db/e2/d1509cad4207da559cc42986ecdd8fc67ad0d1bba2bf03023c467fd5e0f3/greenlet-3.5.3-cp314-cp314t-manylinux_2_24_x86_64.manylinux_2_28_x86_64.whl", hash = "sha256:e81fa194a1d20967877bdf9c7794db2bc99063e5be36aee710c08f04c5bb087f", size = 656969, upload-time = "2026-06-26T18:32:22.272Z" },
    { url = "https://files.pythonhosted.org/packages/86/7d/eaf70de20aadca3a5884aec58362861c64ce45e7b277f47ed026926a3b89/greenlet-3.5.3-cp314-cp314t-musllinux_1_2_aarch64.whl", hash = "sha256:55cf4d777485d43110e47133cbba6d74a8885a87ec1227ef0267f9ee80c5aa21", size = 1617822, upload-time = "2026-06-26T19:09:06.893Z" },
    { url = "https://files.pythonhosted.org/packages/8a/f9/414d38fc400ae4350d4185eaad1827676f7cf5287b9136e0ed1cbbe20a7f/greenlet-3.5.3-cp314-cp314t-musllinux_1_2_x86_64.whl", hash = "sha256:12a248ba75f6a9a236375f52296c498c89ff1d8badf32deb9eca7abd5853f7da", size = 1677983, upload-time = "2026-06-26T18:31:49.396Z" },
    { url = "https://files.pythonhosted.org/packages/e4/15/7edb977e08f9bff702fe42d6c902702786ff6b9694058b4e6a2a6ac90e57/greenlet-3.5.3-cp314-cp314t-win_amd64.whl", hash = "sha256:efc6bd60ea02e085862c74a3ef64b147ffc6f1a5ea7d9f26e7a939943f68c1e3", size = 243626, upload-time = "2026-06-26T18:24:41.485Z" },
    { url = "https://files.pythonhosted.org/packages/2c/8a/93928dce91e6b3598b5e779e8d1fd6576a504640c58e78627077f6a7a91a/greenlet-3.5.3-cp315-cp315-macosx_11_0_universal2.whl", hash = "sha256:ea03f2f04367845d6b58eeed276e1e56e51f0b97d8ad5a88a7d20a91dc9056cc", size = 288860, upload-time = "2026-06-26T18:22:48.07Z" },
    { url = "https://files.pythonhosted.org/packages/4f/ca/69db42d447a1378043e2c8f19c09cbbd1263371505053c496b49066d3d16/greenlet-3.5.3-cp315-cp315-manylinux_2_24_aarch64.manylinux_2_28_aarch64.whl", hash = "sha256:78dbef602fda6d97d957eb7937f70c9ce9e9527330347f8f6b6f9e554a9e7a47", size = 659747, upload-time = "2026-06-26T19:07:15.565Z" },
    { url = "https://files.pythonhosted.org/packages/a8/0b/af7ac2ef8dd41e3da1a40dda6305c23b9a03e13ba975ec916357b50f8575/greenlet-3.5.3-cp315-cp315-manylinux_2_24_ppc64le.manylinux_2_28_ppc64le.whl", hash = "sha256:6f73857adb8fee13fa56c172bd11262f888c0c648f9fea113e777bb2c7904a81", size = 670419, upload-time = "2026-06-26T19:10:12.293Z" },
    { url = "https://files.pythonhosted.org/packages/51/1e/1d51640cacbfc455dbe9f9a9f594c49e4e244f63b9971a2f4764e46cc53d/greenlet-3.5.3-cp315-cp315-manylinux_2_24_x86_64.manylinux_2_28_x86_64.whl", hash = "sha256:232fec92e823addaf02d9472cf7381e24a1d046a6ced1103c5caa4c21b9dfc1d", size = 668787, upload-time = "2026-06-26T18:32:24.298Z" },
    { url = "https://files.pythonhosted.org/packages/21/66/4030d5b0b5894500023f003bb054d9bb354dfbd1e186c3a296759172f5f5/greenlet-3.5.3-cp315-cp315-musllinux_1_2_aarch64.whl", hash = "sha256:2421c3564da9429d5586d46ca31ebb26516b5498a802cf65c041a8e8a8980d34", size = 1626305, upload-time = "2026-06-26T19:09:08.281Z" },
    { url = "https://files.pythonhosted.org/packages/0e/50/5221371c7550108dfa3c378debc41d032aa9c78e89abb01d8011cfc93289/greenlet-3.5.3-cp315-cp315-musllinux_1_2_x86_64.whl", hash = "sha256:e0f0d160f0b2e558e6c75f7930967183255dc9735e5f5b8cae58ee09c9576d8b", size = 1688631, upload-time = "2026-06-26T18:31:51.278Z" },
    { url = "https://files.pythonhosted.org/packages/68/5d/00d469daae3c65d2bf620b10eee82eb022127d483c6bc8c69fae6f3fbf17/greenlet-3.5.3-cp315-cp315-win_amd64.whl", hash = "sha256:dd99329bbc15ca78dcc583dba05d0b1b0bae01ab6c2174989f5aaee3e41ac930", size = 241027, upload-time = "2026-06-26T18:22:38.203Z" },
    { url = "https://files.pythonhosted.org/packages/e7/e8/883785b44c5780ed71e83d3e4437e710470be17a2e181e8b601e2da0dc4a/greenlet-3.5.3-cp315-cp315-win_arm64.whl", hash = "sha256:499fef2acede88c1864a57bb586b4bf533c81e1b82df7ab93451cdb47dfec227", size = 240085, upload-time = "2026-06-26T18:23:54.217Z" },
    { url = "https://files.pythonhosted.org/packages/1c/da/4f4a8450962fad137c1c8981a3f1b8919d06c829993d4d476f9c525d5173/greenlet-3.5.3-cp315-cp315t-macosx_11_0_universal2.whl", hash = "sha256:176bc16a721fa5fc294d70b87b4dfa5fbdd251b3da5d5372735ecef9bd7d6d0c", size = 297221, upload-time = "2026-06-26T18:23:27.176Z" },
    { url = "https://files.pythonhosted.org/packages/57/66/b3bfae3e220a9b63ea539a0eea681800c69ab1aada757eae8789f183e7ce/greenlet-3.5.3-cp315-cp315t-manylinux_2_24_aarch64.manylinux_2_28_aarch64.whl", hash = "sha256:629b614d2b786e89c50440e246f33eea78f58a962d0bdbbcc809e6d13605903f", size = 657221, upload-time = "2026-06-26T19:07:16.973Z" },
    { url = "https://files.pythonhosted.org/packages/7b/81/b6d4d73a709684fc77e7fa034d7c2fe82cffa9fc920fadcaa659c2626213/greenlet-3.5.3-cp315-cp315t-manylinux_2_24_ppc64le.manylinux_2_28_ppc64le.whl", hash = "sha256:2b2e857ae16f5f72142edf75f9f176fe7526ba19a2841df1420516f83831c9f2", size = 663226, upload-time = "2026-06-26T19:10:13.723Z" },
    { url = "https://files.pythonhosted.org/packages/f5/07/e210b02b589f16e74ff48b730690e4a34ffe984219fce4f3c1a0e7ec8545/greenlet-3.5.3-cp315-cp315t-manylinux_2_24_x86_64.manylinux_2_28_x86_64.whl", hash = "sha256:e515757e2e36bcbf1fad09a46e1557e8b1ae1797d4b44d09da7deed88ad28608", size = 660802, upload-time = "2026-06-26T18:32:26.081Z" },
    { url = "https://files.pythonhosted.org/packages/eb/2e/5303eb3fa06bca089060f479707182a93e360683bc252acf846c3090d34e/greenlet-3.5.3-cp315-cp315t-musllinux_1_2_aarch64.whl", hash = "sha256:b363d46ed1ea431825fdb01471bb024fc08399bad1572a616e853c7684415adb", size = 1622157, upload-time = "2026-06-26T19:09:09.527Z" },
    { url = "https://files.pythonhosted.org/packages/54/70/50de47a488f14df260b50ae34fb5d56016e308b098eab02c878b5223c26a/greenlet-3.5.3-cp315-cp315t-musllinux_1_2_x86_64.whl", hash = "sha256:e44da2f5bbdaabaf7d80b73dbb430c7035771e9f244e3c8b769715c9d8fa0a16", size = 1681159, upload-time = "2026-06-26T18:31:52.986Z" },
    { url = "https://files.pythonhosted.org/packages/a7/13/1055e1dda7882073eda533e2b96c62e55bbd2db7fda6d5ece992febc7071/greenlet-3.5.3-cp315-cp315t-win_amd64.whl", hash = "sha256:8ff8bed3e3baa20a3ea261ce00526f1898ad4801d4886fd2220580ee0ad8fadf", size = 244007, upload-time = "2026-06-26T18:22:04.353Z" },
    { url = "https://files.pythonhosted.org/packages/b4/0d/ca7d15afbdc397e3401134c9e1800d51d12b829661786187a4ad08fe484f/greenlet-3.5.3-cp315-cp315t-win_arm64.whl", hash = "sha256:b7068bd09f761f3f5b4d214c2bed063186b2a86148c740b3873e3f56d79bac31", size = 242586, upload-time = "2026-06-26T18:23:37.93Z" },
]

[[package]]
name = "numpy"
version = "2.5.0"
source = { registry = "https://pypi.org/simple" }
sdist = { url = "https://files.pythonhosted.org/packages/e7/05/3d27272d30698dc0ecb7fdfaa41ad70303b444f81722bb99bce1d818638a/numpy-2.5.0.tar.gz", hash = "sha256:5a129578019311b6e56bdd714250f19b518f7dceeeb8d1af5490f4942d3f891c", size = 20652461, upload-time = "2026-06-21T20:57:51.95Z" }
wheels = [
    { url = "https://files.pythonhosted.org/packages/86/ad/abc44aaceaf7b17ee1edde2bbb4458da591bc79574cffff50c4bb35f00d1/numpy-2.5.0-cp314-cp314-macosx_10_15_x86_64.whl", hash = "sha256:f27582c55ba4c750b7c58c8faf021d2cd9324a662b466229db8a417b41368af9", size = 16783807, upload-time = "2026-06-21T20:57:06.253Z" },
    { url = "https://files.pythonhosted.org/packages/5d/39/b72e168daf9c00fb20c9fc996d00437ccecdef3102387775d29d7a62576d/numpy-2.5.0-cp314-cp314-macosx_11_0_arm64.whl", hash = "sha256:28e7137057d551e4a83c4ae414e3451f50568409db7569aacc7f9811ee06a446", size = 11765215, upload-time = "2026-06-21T20:57:08.547Z" },
    { url = "https://files.pythonhosted.org/packages/f7/a0/8400a9c0e3625182347593f5e1f57da9a617a534794805c8df5518154ddc/numpy-2.5.0-cp314-cp314-macosx_14_0_arm64.whl", hash = "sha256:e1da54b53e75cd9fcfc23efcc7edab2c6aecf97b6037566d8a0fe804af8ec57c", size = 5324493, upload-time = "2026-06-21T20:57:11.012Z" },
    { url = "https://files.pythonhosted.org/packages/f6/8c/0d104deaa0401c93395a629ec902891618a2eff76d19229139cb5a887bfc/numpy-2.5.0-cp314-cp314-macosx_14_0_x86_64.whl", hash = "sha256:694d8f74e156f7fd01179f1aa8faa2f648ab6ae0f70b6c3fe57a03249aea2303", size = 6645211, upload-time = "2026-06-21T20:57:12.919Z" },
    { url = "https://files.pythonhosted.org/packages/6a/d9/4a4a628c812750363786afc3d33492709a5cd64b215469c16b0f6c7bb811/numpy-2.5.0-cp314-cp314-manylinux_2_27_aarch64.manylinux_2_28_aarch64.whl", hash = "sha256:1a7569a7b53c77716f036bb28cb1c91f166a26ec7d9502cd1e4bdfe502fdec22", size = 15166004, upload-time = "2026-06-21T20:57:14.717Z" },
    { url = "https://files.pythonhosted.org/packages/a0/5e/2a902317d7fc4aa93236e80c932662dadfc459b323d758329e01775125e1/numpy-2.5.0-cp314-cp314-manylinux_2_27_x86_64.manylinux_2_28_x86_64.whl", hash = "sha256:39a0433bd4086ebd462960cf375e19195bb07b53dc1d87dd5fcf47ad78576f03", size = 16650797, upload-time = "2026-06-21T20:57:16.906Z" },
    { url = "https://files.pythonhosted.org/packages/e9/a0/a0090e6329f4ca5992c07847bb579c5259a19953dc57255bb08793142ffb/numpy-2.5.0-cp314-cp314-musllinux_1_2_aarch64.whl", hash = "sha256:929f0c79ac38bcbd7154fe631dc907abfeddbcc5027a896bd1f7767323271e7a", size = 16524647, upload-time = "2026-06-21T20:57:19.165Z" },
    { url = "https://files.pythonhosted.org/packages/5e/7d/6caf27734c42b65837e7461ed0dbbd6b6fc835060c9714ec59d673bb383a/numpy-2.5.0-cp314-cp314-musllinux_1_2_x86_64.whl", hash = "sha256:cc4f247a47bbf070bfd70be53ccdcf47b800af563535e7bbe172322197c30e21", size = 18411841, upload-time = "2026-06-21T20:57:21.638Z" },
    { url = "https://files.pythonhosted.org/packages/13/dc/26edadbd812536769a82c2e9e002234e33feb5da43061d47a044f6d309b7/numpy-2.5.0-cp314-cp314-win32.whl", hash = "sha256:5dc71423499fab3f46f7a7201155ade1669ea101f2f429d332df9e72f8161731", size = 6106361, upload-time = "2026-06-21T20:57:23.844Z" },
    { url = "https://files.pythonhosted.org/packages/f2/9e/4dd1459282229a72d92dece2ae9138e5cac94a72263a7ceb48f37434c925/numpy-2.5.0-cp314-cp314-win_amd64.whl", hash = "sha256:ebb81d9d5443e0309d6c54894c3fbed74ad7da0714352a67b6d773cd189eae73", size = 12551749, upload-time = "2026-06-21T20:57:25.945Z" },
    { url = "https://files.pythonhosted.org/packages/05/a7/6bc6384c080b86c7f6c85c5bc5b540b24f4f679cd144791d99574e90d462/numpy-2.5.0-cp314-cp314-win_arm64.whl", hash = "sha256:3b94d0d0deceebfad3e67ae5c0e5eb87371e8f7a0581cd04a779928c2450cf1e", size = 10617072, upload-time = "2026-06-21T20:57:28.175Z" },
    { url = "https://files.pythonhosted.org/packages/86/6b/4a2b71d66ada5608ae02b63f150dfad520f6940721cb7f029ad270befc0e/numpy-2.5.0-cp314-cp314t-macosx_11_0_arm64.whl", hash = "sha256:22f3d43e362d650bc39db1f17851302874a148ca95ba6981c1dfb5fa6862f35b", size = 11881067, upload-time = "2026-06-21T20:57:30.104Z" },
    { url = "https://files.pythonhosted.org/packages/dc/b2/d365eb40a20efb49d67e9feb90494ed8511282ee1f5fa16006675c65397d/numpy-2.5.0-cp314-cp314t-macosx_14_0_arm64.whl", hash = "sha256:243563efb4cd7528a264567e9fd206c87826457322521d06206a00bfa316c927", size = 5440290, upload-time = "2026-06-21T20:57:32.193Z" },
    { url = "https://files.pythonhosted.org/packages/fa/5e/e9c03188de5f9b767e46a8fe988bcfd3efad066a4a3fda8b9cb11a93f895/numpy-2.5.0-cp314-cp314t-macosx_14_0_x86_64.whl", hash = "sha256:84881d825ca75249b189bbee875fcfe3238aa5c479e6100893cda566e8e86826", size = 6748371, upload-time = "2026-06-21T20:57:33.933Z" },
    { url = "https://files.pythonhosted.org/packages/fd/1d/68c186a38a5027bae2c4ddd5ea681fdaf8b4d30fb7301def6d8ad270390f/numpy-2.5.0-cp314-cp314t-manylinux_2_27_aarch64.manylinux_2_28_aarch64.whl", hash = "sha256:cda12aa4779d42b8771180aba759c96f527d43446d8f380ab59e2b35e8489efd", size = 15214643, upload-time = "2026-06-21T20:57:35.677Z" },
    { url = "https://files.pythonhosted.org/packages/8c/67/73f67b7c7e20635baae9c4c3ead4ae7326a005900297a6110971abd62eb5/numpy-2.5.0-cp314-cp314t-manylinux_2_27_x86_64.manylinux_2_28_x86_64.whl", hash = "sha256:1c0121101093d2bd74981b10f8837d78e794a8ff57834eb27179f49e1ba11ac6", size = 16690128, upload-time = "2026-06-21T20:57:38.159Z" },
    { url = "https://files.pythonhosted.org/packages/eb/05/d4c1fb0c46d02a27d6b2b8b319a78c90937acec8631c1641874670b31e6f/numpy-2.5.0-cp314-cp314t-musllinux_1_2_aarch64.whl", hash = "sha256:d371c92cfa09da00022f501ab67fafaea813d752eb30ac44336d45b1e5b0268a", size = 16577902, upload-time = "2026-06-21T20:57:40.447Z" },
    { url = "https://files.pythonhosted.org/packages/9e/1d/771c797d50fa26e4888989cccf1d50ee51f530d4e455ad2692dcb64fa711/numpy-2.5.0-cp314-cp314t-musllinux_1_2_x86_64.whl", hash = "sha256:9990713e9c38154c6861e7547f1e3fc7a87e75ff09bab24ef1cc81d81c2835e9", size = 18452814, upload-time = "2026-06-21T20:57:42.875Z" },
    { url = "https://files.pythonhosted.org/packages/e8/46/52fc0d2a68d7643f0f149eeea5a5d8ea2a3507056ac8afa83c9212606e8b/numpy-2.5.0-cp314-cp314t-win32.whl", hash = "sha256:edadfbd4794b1086c0d822f81863e8a68fc129d132fd0bb9e31e955d7fbbbdb7", size = 6253168, upload-time = "2026-06-21T20:57:45.101Z" },
    { url = "https://files.pythonhosted.org/packages/2a/be/6c8d1118b5f13b2881dc095d5b345de19c6638b8959c17409b6eff84c8aa/numpy-2.5.0-cp314-cp314t-win_amd64.whl", hash = "sha256:f7e5fa4382967ae6548bd2f174219afb908e294b0d5f625af01166edd5f7d9aa", size = 12736286, upload-time = "2026-06-21T20:57:46.935Z" },
    { url = "https://files.pythonhosted.org/packages/fd/6a/d3a169aaf8536cf228d56a09e04bcb713a2fe4410d4e2105b9419b5a9c89/numpy-2.5.0-cp314-cp314t-win_arm64.whl", hash = "sha256:016623417bb330d719d579daf2d6b9a01ddc52e41a9ed61a47f39fde46dcd865", size = 10686451, upload-time = "2026-06-21T20:57:49.313Z" },
]

[[package]]
name = "openpyxl"
version = "3.1.5"
source = { registry = "https://pypi.org/simple" }
dependencies = [
    { name = "et-xmlfile" },
]
sdist = { url = "https://files.pythonhosted.org/packages/3d/f9/88d94a75de065ea32619465d2f77b29a0469500e99012523b91cc4141cd1/openpyxl-3.1.5.tar.gz", hash = "sha256:cf0e3cf56142039133628b5acffe8ef0c12bc902d2aadd3e0fe5878dc08d1050", size = 186464, upload-time = "2024-06-28T14:03:44.161Z" }
wheels = [
    { url = "https://files.pythonhosted.org/packages/c0/da/977ded879c29cbd04de313843e76868e6e13408a94ed6b987245dc7c8506/openpyxl-3.1.5-py2.py3-none-any.whl", hash = "sha256:5282c12b107bffeef825f4617dc029afaf41d0ea60823bbb665ef3079dc79de2", size = 250910, upload-time = "2024-06-28T14:03:41.161Z" },
]

[[package]]
name = "pandas"
version = "3.0.4"
source = { registry = "https://pypi.org/simple" }
dependencies = [
    { name = "numpy" },
    { name = "python-dateutil" },
    { name = "tzdata", marker = "sys_platform == 'emscripten' or sys_platform == 'win32'" },
]
sdist = { url = "https://files.pythonhosted.org/packages/5a/fd/e0194474c71dbfba82e744f66945c274f15b667acd5f8c117b12555fb91e/pandas-3.0.4.tar.gz", hash = "sha256:62f6062586d159663825f06e70ef49cd1572d45824cb63a9559f3ffd1d0d2a20", size = 4658146, upload-time = "2026-06-28T15:31:51.3Z" }
wheels = [
    { url = "https://files.pythonhosted.org/packages/da/9d/b70e2d6fd65f497a03922d0a0019a2b9ec7a40374fbd2f2cb6a697109806/pandas-3.0.4-cp314-cp314-macosx_10_15_x86_64.whl", hash = "sha256:45751e5d456788ca891167c6456fb5e373ad72aa82a949c9635b63e215940181", size = 10515604, upload-time = "2026-06-28T15:31:02.329Z" },
    { url = "https://files.pythonhosted.org/packages/ae/fc/a514a959eeb0a8ad0294747df5ff1c95bf364aa2f2c533d6c2a8c0720bf4/pandas-3.0.4-cp314-cp314-macosx_11_0_arm64.whl", hash = "sha256:5c912d80243e4563934f34acc41cfad1a08d7af1b40597492cc6b5e6ba311404", size = 10169825, upload-time = "2026-06-28T15:31:05.34Z" },
    { url = "https://files.pythonhosted.org/packages/72/f8/11da3c5c7a39ab436bda99a1bf2ff5ab3b6addb91155b3fc5d068e733940/pandas-3.0.4-cp314-cp314-manylinux_2_24_aarch64.manylinux_2_28_aarch64.whl", hash = "sha256:ccdf354cddecbf0d763ab5a21d0d698440154c5ed6f2c43643c5f528e5c184a7", size = 10384438, upload-time = "2026-06-28T15:31:07.949Z" },
    { url = "https://files.pythonhosted.org/packages/3e/64/01d6352e2f108045e628680f1dd0a11276489beeae580c2c9d8a74df390b/pandas-3.0.4-cp314-cp314-manylinux_2_24_x86_64.manylinux_2_28_x86_64.whl", hash = "sha256:cadb8f48ada5de3feaa735577af15f0874cd5498d6875cf17989d97d4bc2e926", size = 10795673, upload-time = "2026-06-28T15:31:11.331Z" },
    { url = "https://files.pythonhosted.org/packages/47/1f/c4319dc17cc88b7a90780ecaad15a484ab8ddee32466093a7ff6fcf8fdb1/pandas-3.0.4-cp314-cp314-musllinux_1_2_aarch64.whl", hash = "sha256:bf867a8fe99499762626adbda73759b0378add0d13a58044ee668ba2d5df92f9", size = 11394840, upload-time = "2026-06-28T15:31:14.223Z" },
    { url = "https://files.pythonhosted.org/packages/ab/c4/5660f3f5bebfee4bcdee8c13212806f326ba9d1dbdf7f408c7766f279faa/pandas-3.0.4-cp314-cp314-musllinux_1_2_x86_64.whl", hash = "sha256:58a0b88e5f6c46974ba110c2cef6b8714aaea57f9f26d55ab5361de662b28165", size = 11877357, upload-time = "2026-06-28T15:31:17.205Z" },
    { url = "https://files.pythonhosted.org/packages/c4/92/a16e08eebab6183817757adf6783f644e2061fa14e5905ced79d362cbf36/pandas-3.0.4-cp314-cp314-win_amd64.whl", hash = "sha256:2a32675e6e7641effa300e58040609107f6e976bb0783b0264556358df64db58", size = 9806280, upload-time = "2026-06-28T15:31:20.496Z" },
    { url = "https://files.pythonhosted.org/packages/6a/ef/7d0810b2ba48fd3b015f82e5f907b2b757f40727d86481a2bea22123e454/pandas-3.0.4-cp314-cp314-win_arm64.whl", hash = "sha256:337be3b93ca7e0db3ec25edc769ebb74a8702427edeb345ee6ebe3e3080c6350", size = 9125456, upload-time = "2026-06-28T15:31:23.426Z" },
    { url = "https://files.pythonhosted.org/packages/78/e6/32800039b35eaa4eeb2da0182dd13d2cc205ce21e13e860c0e855f9f64e8/pandas-3.0.4-cp314-cp314t-macosx_10_15_x86_64.whl", hash = "sha256:ca9c1332eb5b69027fa1a73125e5b35fae26aea8c64a716a1924261070b0b859", size = 10938203, upload-time = "2026-06-28T15:31:26.903Z" },
    { url = "https://files.pythonhosted.org/packages/67/16/eff8bc63f22c8e881d31fe25a09542eea3bf8142ccf595974fc76f28a373/pandas-3.0.4-cp314-cp314t-macosx_11_0_arm64.whl", hash = "sha256:a1ae9e815bb61e0a85227aec3db22ba5502a4192df4918c115a772960e6ba606", size = 10586746, upload-time = "2026-06-28T15:31:29.836Z" },
    { url = "https://files.pythonhosted.org/packages/0b/03/6b413ed392ce8d7e90af963123bc62ccb6dd8d889ecf8951b7d1c1dddd86/pandas-3.0.4-cp314-cp314t-manylinux_2_24_aarch64.manylinux_2_28_aarch64.whl", hash = "sha256:6f482730bc2ec12b53c6205190deb195275495b4871bc1a2036beb91a7c97aee", size = 10240823, upload-time = "2026-06-28T15:31:32.879Z" },
    { url = "https://files.pythonhosted.org/packages/67/26/7992ed1748beb166a68d667e6651a03309f7e08a88a0520a7a381e06e21e/pandas-3.0.4-cp314-cp314t-manylinux_2_24_x86_64.manylinux_2_28_x86_64.whl", hash = "sha256:5065f02eb94b947ff2610bba2b0c1a74fd67ca10fde0686b12adfc36e61d11d3", size = 10658793, upload-time = "2026-06-28T15:31:36.404Z" },
    { url = "https://files.pythonhosted.org/packages/5d/16/c92b5ea088632476b831200c54de4740531a6777c8f650ab3c3cec5e7bf5/pandas-3.0.4-cp314-cp314t-musllinux_1_2_aarch64.whl", hash = "sha256:9b1a5e49e5fa13d002e1b237af4ab57f91f535cc6f6ca9225a366b2ce6241d99", size = 11274714, upload-time = "2026-06-28T15:31:39.871Z" },
    { url = "https://files.pythonhosted.org/packages/9c/0c/149cfc617640575a28c878f2d26f20899f4ef206b08a7338a83eb592f297/pandas-3.0.4-cp314-cp314t-musllinux_1_2_x86_64.whl", hash = "sha256:f660473c1e7a7ea7155214f89047b83ac0db6ebe7fab4d5a463f881307162d8c", size = 11729898, upload-time = "2026-06-28T15:31:42.95Z" },
    { url = "https://files.pythonhosted.org/packages/fb/4a/5f1e5b5784ecd4eab4ad52b2025f3e828c289d49c063eac64b400619bb07/pandas-3.0.4-cp314-cp314t-win_amd64.whl", hash = "sha256:453c9e65d0ea8f1ff00d0d5dd2a2612df9ead3ac1baaf55b81e18a01a7a56846", size = 10201594, upload-time = "2026-06-28T15:31:45.917Z" },
    { url = "https://files.pythonhosted.org/packages/05/f3/40a59a8e1abf01b13be5102ece560dc30bb7e85ed06b3e78442c445cb028/pandas-3.0.4-cp314-cp314t-win_arm64.whl", hash = "sha256:02a8c70e5a304947a802551b8ddb38fe83d9c528395a361609fddcccb7cf8003", size = 9387615, upload-time = "2026-06-28T15:31:48.694Z" },
]

[[package]]
name = "pandas-stubs"
version = "3.0.3.260530"
source = { registry = "https://pypi.org/simple" }
dependencies = [
    { name = "numpy" },
]
sdist = { url = "https://files.pythonhosted.org/packages/3d/aa/c41a8a0ff86fd85dbb3ec0c1f3fa488ca64a8b5f82654ae1b07d84acefe5/pandas_stubs-3.0.3.260530.tar.gz", hash = "sha256:d1efe47b2e5a312c047d7feabec5cb7a55365747983420077e9fcbe9ab74f714", size = 113183, upload-time = "2026-05-30T17:47:40.34Z" }
wheels = [
    { url = "https://files.pythonhosted.org/packages/0b/e0/99ec5b02203c4e9ce878bc63d8caa06ac1f891e4d63bded9a5ced70fcb4f/pandas_stubs-3.0.3.260530-py3-none-any.whl", hash = "sha256:a6277eb1c8cebf48d9b2413fcd2e9a6b4ff479c934a223c29eacbc3058c4cb55", size = 173780, upload-time = "2026-05-30T17:47:39.13Z" },
]

[[package]]
name = "psycopg"
version = "3.3.4"
source = { registry = "https://pypi.org/simple" }
dependencies = [
    { name = "tzdata", marker = "sys_platform == 'win32'" },
]
sdist = { url = "https://files.pythonhosted.org/packages/db/2f/cb91e5502ec9de1de6f1b76cfbf69531932725361168bb06963620c77e2e/psycopg-3.3.4.tar.gz", hash = "sha256:e21207764952cff81b6b8bdacad9a3939f2793367fdac2987b3aac36a651b5bc", size = 165799, upload-time = "2026-05-01T23:31:55.179Z" }
wheels = [
    { url = "https://files.pythonhosted.org/packages/5c/e0/7b3dee031daae7743609ce3c746565d4a3ed7c2c186479eb48e34e838c64/psycopg-3.3.4-py3-none-any.whl", hash = "sha256:b6bbc25ccf05c8fad3b061d9db2ef0909a555171b84b07f29458a447253d679a", size = 213001, upload-time = "2026-05-01T23:20:50.816Z" },
]

[package.optional-dependencies]
binary = [
    { name = "psycopg-binary", marker = "implementation_name != 'pypy'" },
]

[[package]]
name = "psycopg-binary"
version = "3.3.4"
source = { registry = "https://pypi.org/simple" }
wheels = [
    { url = "https://files.pythonhosted.org/packages/48/a6/828c9185701dab71b234c2a76c38a08b098ebfec5020716b4e93807492b5/psycopg_binary-3.3.4-cp314-cp314-macosx_10_15_x86_64.whl", hash = "sha256:28b7398fdd19db3232c884fb24550bdfe951221f510e195e233299e4c9b78f97", size = 4607292, upload-time = "2026-05-01T23:30:38.962Z" },
    { url = "https://files.pythonhosted.org/packages/92/58/5b40dbc9d839045c9dae956960e4fb6d20bcabe6c59a2aa34fc3a371913f/psycopg_binary-3.3.4-cp314-cp314-macosx_11_0_arm64.whl", hash = "sha256:1fbaa292a3c8bb61b45df1ad3da1908ccee7cb889db9425e3557d9e34e2a4829", size = 4687023, upload-time = "2026-05-01T23:30:47.227Z" },
    { url = "https://files.pythonhosted.org/packages/85/a9/793f0ac107a9003b48441d0d1f9f616d96e0f37458dd8dc12528ceff55fb/psycopg_binary-3.3.4-cp314-cp314-manylinux2014_ppc64le.manylinux_2_17_ppc64le.whl", hash = "sha256:94596f9e7633ee3f6440711d43bb70aa31cc0a46a900ab8b4201a366ace5c9e7", size = 5486985, upload-time = "2026-05-01T23:30:55.517Z" },
    { url = "https://files.pythonhosted.org/packages/8f/26/42e8533497e2592334f68ec529cf5f840f7fa4e99575a4bb61aa184dbfbf/psycopg_binary-3.3.4-cp314-cp314-manylinux2014_x86_64.manylinux_2_17_x86_64.whl", hash = "sha256:8c0056529e68dbe9184cd4019a1f3d8f3a4ead2f6fc7a5afcf27d3314edd1277", size = 5168745, upload-time = "2026-05-01T23:31:01.904Z" },
    { url = "https://files.pythonhosted.org/packages/15/af/b7151776cc08d5935d45c833ec818a9beb417cf7c08239af1aafbdae78ee/psycopg_binary-3.3.4-cp314-cp314-manylinux_2_27_aarch64.manylinux_2_28_aarch64.whl", hash = "sha256:2c09aad7051326e7603c14e50636db9c01f78272dc54b3accff03d46370461e6", size = 6761486, upload-time = "2026-05-01T23:31:14.511Z" },
    { url = "https://files.pythonhosted.org/packages/d0/ed/c92533b9124712d592cbf1cd6c76da933a2e0acea81dfe1fbe7e735f0cff/psycopg_binary-3.3.4-cp314-cp314-manylinux_2_38_riscv64.manylinux_2_39_riscv64.whl", hash = "sha256:514404ed543efd620c85602b747df2a23cf1241b4067199e1a66f2d2757aaa41", size = 4997427, upload-time = "2026-05-01T23:31:20.901Z" },
    { url = "https://files.pythonhosted.org/packages/a2/23/ccadfd0de416aa188356daa199453af24087b042e296088706d190ae0295/psycopg_binary-3.3.4-cp314-cp314-musllinux_1_2_aarch64.whl", hash = "sha256:46893c26858be12cc49ca4226ed6a60b4bfccadd946b3bebb783a60b38788228", size = 4533549, upload-time = "2026-05-01T23:31:26.204Z" },
    { url = "https://files.pythonhosted.org/packages/fd/a0/c8f43cee36386f7bc891ab41a9d31ea07cf9826038e732da79f26b1e5f34/psycopg_binary-3.3.4-cp314-cp314-musllinux_1_2_ppc64le.whl", hash = "sha256:df1d567fc430f6df15c9fcf67d87685fc49bdb325adc0db5af1adfb2f44eb5c9", size = 4210256, upload-time = "2026-05-01T23:31:33.884Z" },
    { url = "https://files.pythonhosted.org/packages/4e/2c/c1547871be3790676e8868b38655496422f94f0978dfb66b74bdba2f1676/psycopg_binary-3.3.4-cp314-cp314-musllinux_1_2_riscv64.whl", hash = "sha256:6b9016b1714da4dd5ecaaa75b82098aa5a0b87854ce9b092e21c27c4ae23e014", size = 3946204, upload-time = "2026-05-01T23:31:39.626Z" },
    { url = "https://files.pythonhosted.org/packages/c4/b1/f6670f00fa7ea601584623f6c11602ab92117d83eaff885e0210f6de7418/psycopg_binary-3.3.4-cp314-cp314-musllinux_1_2_x86_64.whl", hash = "sha256:47c656a8a7ba6eb0cff1801a4caaa9c8bdc12d03080e273aff1c8ac39971a77e", size = 4255811, upload-time = "2026-05-01T23:31:44.986Z" },
    { url = "https://files.pythonhosted.org/packages/eb/e6/5fff07a70d1f945ed90ae131c3bd76cab32beff7c58c6db15ad5820b6d1f/psycopg_binary-3.3.4-cp314-cp314-win_amd64.whl", hash = "sha256:c37e024c07308cd06cf3ec51bfd0e7f6157585a4d84d1bce4a7f5f7913719bf8", size = 3666849, upload-time = "2026-05-01T23:31:51.165Z" },
]

[[package]]
name = "python-dateutil"
version = "2.9.0.post0"
source = { registry = "https://pypi.org/simple" }
dependencies = [
    { name = "six" },
]
sdist = { url = "https://files.pythonhosted.org/packages/66/c0/0c8b6ad9f17a802ee498c46e004a0eb49bc148f2fd230864601a86dcf6db/python-dateutil-2.9.0.post0.tar.gz", hash = "sha256:37dd54208da7e1cd875388217d5e00ebd4179249f90fb72437e91a35459a0ad3", size = 342432, upload-time = "2024-03-01T18:36:20.211Z" }
wheels = [
    { url = "https://files.pythonhosted.org/packages/ec/57/56b9bcc3c9c6a792fcbaf139543cee77261f3651ca9da0c93f5c1221264b/python_dateutil-2.9.0.post0-py2.py3-none-any.whl", hash = "sha256:a8b2bc7bffae282281c8140a97d3aa9c14da0b136dfe83f850eea9a5f7470427", size = 229892, upload-time = "2024-03-01T18:36:18.57Z" },
]

[[package]]
name = "python-dotenv"
version = "1.2.2"
source = { registry = "https://pypi.org/simple" }
sdist = { url = "https://files.pythonhosted.org/packages/82/ed/0301aeeac3e5353ef3d94b6ec08bbcabd04a72018415dcb29e588514bba8/python_dotenv-1.2.2.tar.gz", hash = "sha256:2c371a91fbd7ba082c2c1dc1f8bf89ca22564a087c2c287cd9b662adde799cf3", size = 50135, upload-time = "2026-03-01T16:00:26.196Z" }
wheels = [
    { url = "https://files.pythonhosted.org/packages/0b/d7/1959b9648791274998a9c3526f6d0ec8fd2233e4d4acce81bbae76b44b2a/python_dotenv-1.2.2-py3-none-any.whl", hash = "sha256:1d8214789a24de455a8b8bd8ae6fe3c6b69a5e3d64aa8a8e5d68e694bbcb285a", size = 22101, upload-time = "2026-03-01T16:00:25.09Z" },
]

[[package]]
name = "ruff"
version = "0.15.20"
source = { registry = "https://pypi.org/simple" }
sdist = { url = "https://files.pythonhosted.org/packages/43/dc/35b341fc554ba02f217fc10da57d1a75168cfbcf75b0ef2202176d4c4f2d/ruff-0.15.20.tar.gz", hash = "sha256:1416eb04349192646b54de98f146c4f59afe37d0decfc02c3cbbf396f3a28566", size = 4755489, upload-time = "2026-06-25T17:20:37.578Z" }
wheels = [
    { url = "https://files.pythonhosted.org/packages/94/d9/2d5014f0253ba541d2061d9fa7193f48e941c8b21bb88a7ff9bbe0bd0596/ruff-0.15.20-py3-none-linux_armv6l.whl", hash = "sha256:00e188c53e499c3c1637f73c91dcf2fb56d576cab76ce1be50a27c4e80e37078", size = 10839665, upload-time = "2026-06-25T17:19:44.702Z" },
    { url = "https://files.pythonhosted.org/packages/c6/d3/ac1798ba64f670698867fcfc591d50e7e421bef137db564858f619a30fcf/ruff-0.15.20-py3-none-macosx_10_12_x86_64.whl", hash = "sha256:9ebd1fd9b9c95fc0bd7b2761aebec1f030013d2e193a2901b224af68fe47251b", size = 11208649, upload-time = "2026-06-25T17:19:48.787Z" },
    { url = "https://files.pythonhosted.org/packages/47/47/d3ac899991202095dfcf3d5176be4272642be3cf981a2f1a30f72a2afb95/ruff-0.15.20-py3-none-macosx_11_0_arm64.whl", hash = "sha256:c5b16cdd67ca108185cd36dce98c576350c03b1660a751de725fb049193a0632", size = 10622638, upload-time = "2026-06-25T17:19:51.354Z" },
    { url = "https://files.pythonhosted.org/packages/33/13/4e043fe30aa94d4ff5213a9881fc296d12960f5971b234a5263fdc225312/ruff-0.15.20-py3-none-manylinux_2_17_aarch64.manylinux2014_aarch64.whl", hash = "sha256:3413bb3c3d2ca6a8208f1f4809cd2dca3c6de6d0b491c0e70847672bde6e6efd", size = 10984227, upload-time = "2026-06-25T17:19:54.044Z" },
    { url = "https://files.pythonhosted.org/packages/76/e6/92e7bf40388bc5800073b96564f56264f7e48bfd1a498f5ced6ae6d5a769/ruff-0.15.20-py3-none-manylinux_2_17_armv7l.manylinux2014_armv7l.whl", hash = "sha256:bd7ec42b3bb3da066488db093308a69c4ac5ee6d2af333a86ba6e2eb2e7dd44b", size = 10622882, upload-time = "2026-06-25T17:19:57.037Z" },
    { url = "https://files.pythonhosted.org/packages/13/7a/43460be3f24495a3aa46d4b16873e2c4941b3b5f0b00cf88c03b7b94b339/ruff-0.15.20-py3-none-manylinux_2_17_i686.manylinux2014_i686.whl", hash = "sha256:e1a36ad0eb77fba9aabfb69ede54de6f376d04ac18ebea022847046d340a8267", size = 11474808, upload-time = "2026-06-25T17:20:00.357Z" },
    { url = "https://files.pythonhosted.org/packages/27/a0/f37077884873221c6b33b4ab49eb18f9f88e54a16a25a5bca59bef46dd66/ruff-0.15.20-py3-none-manylinux_2_17_ppc64le.manylinux2014_ppc64le.whl", hash = "sha256:b6df3b1e4610432f0386dba04d853b5f08cbbc903410c6fcc02f620f05aff53c", size = 12293094, upload-time = "2026-06-25T17:20:03.446Z" },
    { url = "https://files.pythonhosted.org/packages/a6/74/165545b60256a9704c21ac0ec4a0d07933b320812f9584836c9f4aca4292/ruff-0.15.20-py3-none-manylinux_2_17_s390x.manylinux2014_s390x.whl", hash = "sha256:e89f198a1ea6ef0d727c1cf16088bc91a6cb0ab947dedc966715691647186eae", size = 11526176, upload-time = "2026-06-25T17:20:06.301Z" },
    { url = "https://files.pythonhosted.org/packages/86/b1/a976a136d40ade83ce743578399865f57001003a409acadc0ecbb3051082/ruff-0.15.20-py3-none-manylinux_2_17_x86_64.manylinux2014_x86_64.whl", hash = "sha256:309809086c2acb67624950a3c8133e80f32d0d3e27106c0cd60ff26657c9f24b", size = 11520767, upload-time = "2026-06-25T17:20:09.191Z" },
    { url = "https://files.pythonhosted.org/packages/19/0f/f032696cb01c9b54c0263fa393474d7758f1cdc021a01b04e3cbc2500999/ruff-0.15.20-py3-none-manylinux_2_31_riscv64.whl", hash = "sha256:2d2374caa2f2c2f9e2b7da0a50802cfb8b79f55a9b5e49379f564544fbf56487", size = 11500132, upload-time = "2026-06-25T17:20:13.602Z" },
    { url = "https://files.pythonhosted.org/packages/4b/f4/51b1a14bc69e8c224b15dab9cce8e99b425e0455d462caa2b3c9be2b6a8e/ruff-0.15.20-py3-none-musllinux_1_2_aarch64.whl", hash = "sha256:a1ed17b65293e0c2f22fc387bc13198a5de94bf4429589b0ff6946b0feaf21a3", size = 10943828, upload-time = "2026-06-25T17:20:16.635Z" },
    { url = "https://files.pythonhosted.org/packages/71/4b/fe267640783cd02bf6c5cc290b1df1051be2ec294c678b5c15fe19e52343/ruff-0.15.20-py3-none-musllinux_1_2_armv7l.whl", hash = "sha256:f701305e66b38ea6c91882490eb73459796808e4c6362a1b765255e0cdcd4053", size = 10645418, upload-time = "2026-06-25T17:20:19.4Z" },
    { url = "https://files.pythonhosted.org/packages/b0/c0/a65aa4ec2f5e87a1df32dc3ec1fede434fe3dfd5cbcf3b503cafc676ab54/ruff-0.15.20-py3-none-musllinux_1_2_i686.whl", hash = "sha256:5b9c0c367ad8e5d0d5b5b8537864c469a0a0e55417aadfbeca41fa61333be9f4", size = 11211770, upload-time = "2026-06-25T17:20:22.033Z" },
    { url = "https://files.pythonhosted.org/packages/5a/a4/0caa331d954ae2723d729d351c989cb4ca8b6077d5c6c2cb6de75e98c041/ruff-0.15.20-py3-none-musllinux_1_2_x86_64.whl", hash = "sha256:01cc00dd58f0df339d0e902219dd53990ea99996a0344e5d9cc8d45d5307e460", size = 11618698, upload-time = "2026-06-25T17:20:25.259Z" },
    { url = "https://files.pythonhosted.org/packages/10/9b/5f14927848d2fd4aa891fd88d883788c5a7baba561c7874732364045708c/ruff-0.15.20-py3-none-win32.whl", hash = "sha256:ed65ef510e43a137207e0f01cfcf998aeddb1aeeda5c9d35023e910284d7cf21", size = 10857322, upload-time = "2026-06-25T17:20:28.612Z" },
    { url = "https://files.pythonhosted.org/packages/fa/f0/fe47c501f9dea92a26d788ff98bb5d92ed4cb4c88792c5c88af6b697dc8e/ruff-0.15.20-py3-none-win_amd64.whl", hash = "sha256:a525c81c70fb0380344dd1d8745d8cc1c890b7fc94a58d5a07bd8eb9557b8415", size = 11993274, upload-time = "2026-06-25T17:20:31.871Z" },
    { url = "https://files.pythonhosted.org/packages/d7/2b/9555445e1201d92b3195f45cdb153a0b68f24e0a4273f6e3d5ab46e212bb/ruff-0.15.20-py3-none-win_arm64.whl", hash = "sha256:2f5b2a6d614e8700388806a14996c40fab2c47b819ef57d790a34878858ed9ca", size = 11343498, upload-time = "2026-06-25T17:20:35.03Z" },
]

[[package]]
name = "six"
version = "1.17.0"
source = { registry = "https://pypi.org/simple" }
sdist = { url = "https://files.pythonhosted.org/packages/94/e7/b2c673351809dca68a0e064b6af791aa332cf192da575fd474ed7d6f16a2/six-1.17.0.tar.gz", hash = "sha256:ff70335d468e7eb6ec65b95b99d3a2836546063f63acc5171de367e834932a81", size = 34031, upload-time = "2024-12-04T17:35:28.174Z" }
wheels = [
    { url = "https://files.pythonhosted.org/packages/b7/ce/149a00dd41f10bc29e5921b496af8b574d8413afcd5e30dfa0ed46c2cc5e/six-1.17.0-py2.py3-none-any.whl", hash = "sha256:4721f391ed90541fddacab5acf947aa0d3dc7d27b2e1e8eda2be8970586c3274", size = 11050, upload-time = "2024-12-04T17:35:26.475Z" },
]

[[package]]
name = "sqlalchemy"
version = "2.0.51"
source = { registry = "https://pypi.org/simple" }
dependencies = [
    { name = "greenlet", marker = "platform_machine == 'AMD64' or platform_machine == 'WIN32' or platform_machine == 'aarch64' or platform_machine == 'amd64' or platform_machine == 'ppc64le' or platform_machine == 'win32' or platform_machine == 'x86_64'" },
    { name = "typing-extensions" },
]
sdist = { url = "https://files.pythonhosted.org/packages/02/f1/a7a892f18d4d224e6b26f706531eafccc41e37594d37d304786969ee13cb/sqlalchemy-2.0.51.tar.gz", hash = "sha256:804dccd8a4a6242c4e30ad961e540e18a588f6527202f2d6791b01845d59fdc9", size = 9912201, upload-time = "2026-06-15T15:41:20.012Z" }
wheels = [
    { url = "https://files.pythonhosted.org/packages/b1/49/a739be2e1d02a96a658eb71ab45d921c874249252358ad24a5bffdd02525/sqlalchemy-2.0.51-cp314-cp314-macosx_11_0_arm64.whl", hash = "sha256:6ea306caaae6bd5afd0a46050003c88f6bf33227377a49298c498c3cb88ff491", size = 2158999, upload-time = "2026-06-15T16:08:51.759Z" },
    { url = "https://files.pythonhosted.org/packages/23/6b/2e0e38cf75c8780eca78d9b2e78164f8bcfd70125e5caa588ff5cbb9c9f4/sqlalchemy-2.0.51-cp314-cp314-manylinux2014_aarch64.manylinux_2_17_aarch64.manylinux_2_28_aarch64.whl", hash = "sha256:c45a496d6bc05dec41dcd4c3a2b183723f47473255c159cd80b503c8f246424d", size = 3282539, upload-time = "2026-06-15T16:19:51.065Z" },
    { url = "https://files.pythonhosted.org/packages/dd/a1/e77854cb5336fd37dc3c6ae3b71de242c98caac5725120be0b526b31cbd0/sqlalchemy-2.0.51-cp314-cp314-manylinux2014_x86_64.manylinux_2_17_x86_64.manylinux_2_28_x86_64.whl", hash = "sha256:4004ada0aafe8ae1991b2cd1d99c6d9146126e123bd6f883c260d974aa012e54", size = 3287545, upload-time = "2026-06-15T16:26:44.735Z" },
    { url = "https://files.pythonhosted.org/packages/f6/ab/9e17272fd4dac8df3b83c4fbe52b998a1c9d89a843c8c35ff29b74ff7364/sqlalchemy-2.0.51-cp314-cp314-musllinux_1_2_aarch64.whl", hash = "sha256:0f6bcad487aee1c638d707235682fc96f741de00663619881ab235400d03289e", size = 3230929, upload-time = "2026-06-15T16:19:52.625Z" },
    { url = "https://files.pythonhosted.org/packages/02/3c/52f408ea701781caee975606beccc48845f2aee8711ac29843d612c0306c/sqlalchemy-2.0.51-cp314-cp314-musllinux_1_2_x86_64.whl", hash = "sha256:39a76529db6305693d8d4affa58ad5b5e2e18edd62daea628b29b97930b3513d", size = 3252888, upload-time = "2026-06-15T16:26:46.454Z" },
    { url = "https://files.pythonhosted.org/packages/24/16/3efd2ee6bc4ca4693a30a1dd17a91b606cae15d517d2a4746611d9b73ce8/sqlalchemy-2.0.51-cp314-cp314-win32.whl", hash = "sha256:08a204d8b5638717c26a24df18fcf40af45a6b22e35b70b1d62f0113c2e278e8", size = 2120551, upload-time = "2026-06-15T16:23:15.629Z" },
    { url = "https://files.pythonhosted.org/packages/7b/78/55b12e70f45bccc40d9e483925c065027b3b98ea4cbbdf6f8c2546feaf6c/sqlalchemy-2.0.51-cp314-cp314-win_amd64.whl", hash = "sha256:96747bfbadb055466e5b46d572618170046b45ce5a4879167f50d70a5319a499", size = 2146318, upload-time = "2026-06-15T16:23:17.108Z" },
    { url = "https://files.pythonhosted.org/packages/21/db/a9574ed40fed418924b1b1a3e54f47ee3963053b3d3d325a0d36b41f2c08/sqlalchemy-2.0.51-cp314-cp314t-macosx_11_0_arm64.whl", hash = "sha256:e5ea1a213be1fcd5e49d9904c3b9939211ded90bc2a64e93f4c01963474285de", size = 2178920, upload-time = "2026-06-15T15:59:56.285Z" },
    { url = "https://files.pythonhosted.org/packages/bf/90/a1bb5c7cbba76b7bc1fbd586d0a5479a7bc9c27b4a8298f22ec9423b2bb3/sqlalchemy-2.0.51-cp314-cp314t-manylinux2014_aarch64.manylinux_2_17_aarch64.manylinux_2_28_aarch64.whl", hash = "sha256:7c6b36ed71f41942bdcd2ad2522be46bfce09d5705be5640ecf19bbc7660e4b7", size = 3566534, upload-time = "2026-06-15T15:58:35.024Z" },
    { url = "https://files.pythonhosted.org/packages/15/4b/481f1fed30e0e9e8dd24aecbb49f29eb57fe7657ece5cf06ee9b84bb97d8/sqlalchemy-2.0.51-cp314-cp314t-manylinux2014_x86_64.manylinux_2_17_x86_64.manylinux_2_28_x86_64.whl", hash = "sha256:0c2c62877097e1a0db401fba5cb4debee33265e5b2a55c4ccb489c02c53b4f72", size = 3535844, upload-time = "2026-06-15T16:02:43.973Z" },
    { url = "https://files.pythonhosted.org/packages/02/71/0aa64aeda645510af0a43f7d9ee70932f0d1dc4263aed34c50ee891d9df3/sqlalchemy-2.0.51-cp314-cp314t-musllinux_1_2_aarch64.whl", hash = "sha256:0378d055e9e8cd6ce4d8dff683bdd3d7d413533c4ee51d67a2b1e0f9eacc0f23", size = 3475355, upload-time = "2026-06-15T15:58:36.592Z" },
    { url = "https://files.pythonhosted.org/packages/05/db/6061db32316446135a3abae5f308d144ab988a34234726042da3e58b1c63/sqlalchemy-2.0.51-cp314-cp314t-musllinux_1_2_x86_64.whl", hash = "sha256:6e46fc36029eff666391e0531e5387b62ce6c4f1d8e50b3fb3099eaca1b42522", size = 3486591, upload-time = "2026-06-15T16:02:45.346Z" },
    { url = "https://files.pythonhosted.org/packages/0d/c9/f14fdf71bb8957e0c7e39db69bbdf12b5c80f4ef775fdfa127bf4e0d6760/sqlalchemy-2.0.51-cp314-cp314t-win32.whl", hash = "sha256:9161cfc9efce70d1715f47d6ff40f79c6778c00d53be4fbc09d70301e4b83ba7", size = 2151313, upload-time = "2026-06-15T16:03:39.127Z" },
    { url = "https://files.pythonhosted.org/packages/6a/c6/673e618e6f4f297e126d9b56ea2f6478708f6c1af4e3223835c22e2c3697/sqlalchemy-2.0.51-cp314-cp314t-win_amd64.whl", hash = "sha256:159bb6ba32059f57ad7375a8f50d844dd2f19d14954ecf820cd33e20debd46b2", size = 2186280, upload-time = "2026-06-15T16:03:40.569Z" },
    { url = "https://files.pythonhosted.org/packages/e2/22/dbf013a12ec759e54a34a119e9e217435b3f71b2dd5c61a7ade0a25dae87/sqlalchemy-2.0.51-py3-none-any.whl", hash = "sha256:bb024d8b621d0be75f4f44ecc7c950450026e76d66dc8f791bb5331d7fed59d5", size = 1944334, upload-time = "2026-06-15T16:09:22.418Z" },
]

[[package]]
name = "typing-extensions"
version = "4.15.0"
source = { registry = "https://pypi.org/simple" }
sdist = { url = "https://files.pythonhosted.org/packages/72/94/1a15dd82efb362ac84269196e94cf00f187f7ed21c242792a923cdb1c61f/typing_extensions-4.15.0.tar.gz", hash = "sha256:0cea48d173cc12fa28ecabc3b837ea3cf6f38c6d1136f85cbaaf598984861466", size = 109391, upload-time = "2025-08-25T13:49:26.313Z" }
wheels = [
    { url = "https://files.pythonhosted.org/packages/18/67/36e9267722cc04a6b9f15c7f3441c2363321a3ea07da7ae0c0707beb2a9c/typing_extensions-4.15.0-py3-none-any.whl", hash = "sha256:f0fa19c6845758ab08074a0cfa8b7aecb71c999ca73d62883bc25cc018c4e548", size = 44614, upload-time = "2025-08-25T13:49:24.86Z" },
]

[[package]]
name = "tzdata"
version = "2026.2"
source = { registry = "https://pypi.org/simple" }
sdist = { url = "https://files.pythonhosted.org/packages/ba/19/1b9b0e29f30c6d35cb345486df41110984ea67ae69dddbc0e8a100999493/tzdata-2026.2.tar.gz", hash = "sha256:9173fde7d80d9018e02a662e168e5a2d04f87c41ea174b139fbef642eda62d10", size = 198254, upload-time = "2026-04-24T15:22:08.651Z" }
wheels = [
    { url = "https://files.pythonhosted.org/packages/ce/e4/dccd7f47c4b64213ac01ef921a1337ee6e30e8c6466046018326977efd95/tzdata-2026.2-py2.py3-none-any.whl", hash = "sha256:bbe9af844f658da81a5f95019480da3a89415801f6cc966806612cc7169bffe7", size = 349321, upload-time = "2026-04-24T15:22:05.876Z" },
]
